# Generated by move; do not edit
# This file should be checked in.

[move]
version = 4

[pinned.mainnet.IntegerMate]
source = { local = ".integer-mate" }
use_environment = "mainnet"
manifest_digest = "E41BBD67BE8940D26C79D78B028477EF5B33BA217A1282C78ACB344CF8A5ECF6"
deps = { std = "MoveStdlib", sui = "Sui" }

[pinned.mainnet.MoveSTL]
source = { local = ".move-stl" }
use_environment = "mainnet"
manifest_digest = "E41BBD67BE8940D26C79D78B028477EF5B33BA217A1282C78ACB344CF8A5ECF6"
deps = { std = "MoveStdlib", sui = "Sui" }

[pinned.mainnet.MoveStdlib]
source = { git = "https://github.com/MystenLabs/sui.git", subdir = 'crates\sui-framework\packages\move-stdlib', rev = "ae59d7718668b468ce65702ecb0440aa2330f389" }
use_environment = "mainnet"
manifest_digest = "C4FE4C91DE74CBF223B2E380AE40F592177D21870DC2D7EB6227D2D694E05363"
deps = {}

[pinned.mainnet.Sui]
source = { git = "https://github.com/MystenLabs/sui.git", subdir = 'crates\sui-framework\packages\sui-framework', rev = "ae59d7718668b468ce65702ecb0440aa2330f389" }
use_environment = "mainnet"
manifest_digest = "CD547CB1ACCE0880C835DAED2D8FFCB91D56C833AE5240D3AA5B918398263195"
deps = { MoveStdlib = "MoveStdlib" }

[pinned.mainnet.bten]
source = { root = true }
use_environment = "mainnet"
manifest_digest = "209ADE6FB907B96C47963901FE048180388170963187B32474BCBB747F6F48B4"
deps = { cetusclmm = "cetusclmm", std = "MoveStdlib", sui = "Sui" }

[pinned.mainnet.cetusclmm]
source = { local = '.cetus-clmm-interface\sui\cetus_clmm' }
use_environment = "mainnet"
manifest_digest = "5CE400EA67AEE72A2FD54DE813A3BB1248C43C268717DC52F4EC188B861BD924"
deps = { integer_mate = "IntegerMate", move_stl = "MoveSTL", std = "MoveStdlib", sui = "Sui" }

[pinned.testnet.BlockTen]
source = { root = true }
use_environment = "testnet"
manifest_digest = "CA5F28A42551600F4A00624A6290CE2E060A0BA9CF91E03D2258A3388D8802FD"
deps = { Sui = "Sui" }

[pinned.testnet.MoveStdlib]
source = { git = "https://github.com/MystenLabs/sui.git", subdir = 'crates\sui-framework\packages\move-stdlib', rev = "6f6f095c246733e7b155abebb63a4e64d64e17b9" }
use_environment = "testnet"
manifest_digest = "C4FE4C91DE74CBF223B2E380AE40F592177D21870DC2D7EB6227D2D694E05363"
deps = {}

[pinned.testnet.Sui]
source = { git = "https://github.com/MystenLabs/sui.git", subdir = 'crates\sui-framework\packages\sui-framework', rev = "6f6f095c246733e7b155abebb63a4e64d64e17b9" }
use_environment = "testnet"
manifest_digest = "7AFB66695545775FBFBB2D3078ADFD084244D5002392E837FDE21D9EA1C6D01C"
deps = { MoveStdlib = "MoveStdlib" }
